
Microsoft Visual Studio Solution File, Format Version 12.00
# Visual Studio Version 17
VisualStudioVersion = 17.12.35527.113 d17.12
MinimumVisualStudioVersion = 10.0.40219.1
Project("{FAE04EC0-301F-11D3-BF4B-00C04F79EFBC}") = "BussinessObject", "BussinessObjects\BussinessObject.csproj", "{628BE901-A1EE-43B0-8A6A-DC8ABCB857B7}"
EndProject
Project("{FAE04EC0-301F-11D3-BF4B-00C04F79EFBC}") = "DataAccessLayer", "DataAccessLayer\DataAccessLayer.csproj", "{1F2255C6-A6B6-45AC-BB96-97B8F64BC181}"
EndProject
Project("{FAE04EC0-301F-11D3-BF4B-00C04F79EFBC}") = "Repository", "Repository\Repository.csproj", "{A8D4BBCF-E4A9-4D0B-9F2E-4909A4F5A160}"
EndProject
Project("{FAE04EC0-301F-11D3-BF4B-00C04F79EFBC}") = "Service", "Service\Service.csproj", "{B65C824F-E285-4C9C-980B-07923B75749E}"
EndProject
Project("{FAE04EC0-301F-11D3-BF4B-00C04F79EFBC}") = "API", "API\API.csproj", "{79736036-53DB-42F6-AE52-4D925D87E9FA}"
EndProject
Project("{FAE04EC0-301F-11D3-BF4B-00C04F79EFBC}") = "WebUI", "WebUI\WebUI.csproj", "{219C1EE6-68FA-4A2C-B578-67E83CA6F9AE}"
EndProject
Global
	GlobalSection(SolutionConfigurationPlatforms) = preSolution
		Debug|Any CPU = Debug|Any CPU
		Release|Any CPU = Release|Any CPU
	EndGlobalSection
	GlobalSection(ProjectConfigurationPlatforms) = postSolution
		{628BE901-A1EE-43B0-8A6A-DC8ABCB857B7}.Debug|Any CPU.ActiveCfg = Debug|Any CPU
		{628BE901-A1EE-43B0-8A6A-DC8ABCB857B7}.Debug|Any CPU.Build.0 = Debug|Any CPU
		{628BE901-A1EE-43B0-8A6A-DC8ABCB857B7}.Release|Any CPU.ActiveCfg = Release|Any CPU
		{628BE901-A1EE-43B0-8A6A-DC8ABCB857B7}.Release|Any CPU.Build.0 = Release|Any CPU
		{1F2255C6-A6B6-45AC-BB96-97B8F64BC181}.Debug|Any CPU.ActiveCfg = Debug|Any CPU
		{1F2255C6-A6B6-45AC-BB96-97B8F64BC181}.Debug|Any CPU.Build.0 = Debug|Any CPU
		{1F2255C6-A6B6-45AC-BB96-97B8F64BC181}.Release|Any CPU.ActiveCfg = Release|Any CPU
		{1F2255C6-A6B6-45AC-BB96-97B8F64BC181}.Release|Any CPU.Build.0 = Release|Any CPU
		{A8D4BBCF-E4A9-4D0B-9F2E-4909A4F5A160}.Debug|Any CPU.ActiveCfg = Debug|Any CPU
		{A8D4BBCF-E4A9-4D0B-9F2E-4909A4F5A160}.Debug|Any CPU.Build.0 = Debug|Any CPU
		{A8D4BBCF-E4A9-4D0B-9F2E-4909A4F5A160}.Release|Any CPU.ActiveCfg = Release|Any CPU
		{A8D4BBCF-E4A9-4D0B-9F2E-4909A4F5A160}.Release|Any CPU.Build.0 = Release|Any CPU
		{B65C824F-E285-4C9C-980B-07923B75749E}.Debug|Any CPU.ActiveCfg = Debug|Any CPU
		{B65C824F-E285-4C9C-980B-07923B75749E}.Debug|Any CPU.Build.0 = Debug|Any CPU
		{B65C824F-E285-4C9C-980B-07923B75749E}.Release|Any CPU.ActiveCfg = Release|Any CPU
		{B65C824F-E285-4C9C-980B-07923B75749E}.Release|Any CPU.Build.0 = Release|Any CPU
		{79736036-53DB-42F6-AE52-4D925D87E9FA}.Debug|Any CPU.ActiveCfg = Debug|Any CPU
		{79736036-53DB-42F6-AE52-4D925D87E9FA}.Debug|Any CPU.Build.0 = Debug|Any CPU
		{79736036-53DB-42F6-AE52-4D925D87E9FA}.Release|Any CPU.ActiveCfg = Release|Any CPU
		{79736036-53DB-42F6-AE52-4D925D87E9FA}.Release|Any CPU.Build.0 = Release|Any CPU
		{219C1EE6-68FA-4A2C-B578-67E83CA6F9AE}.Debug|Any CPU.ActiveCfg = Debug|Any CPU
		{219C1EE6-68FA-4A2C-B578-67E83CA6F9AE}.Debug|Any CPU.Build.0 = Debug|Any CPU
		{219C1EE6-68FA-4A2C-B578-67E83CA6F9AE}.Release|Any CPU.ActiveCfg = Release|Any CPU
		{219C1EE6-68FA-4A2C-B578-67E83CA6F9AE}.Release|Any CPU.Build.0 = Release|Any CPU
	EndGlobalSection
	GlobalSection(SolutionProperties) = preSolution
		HideSolutionNode = FALSE
	EndGlobalSection
EndGlobal
